<Solution>
  <Configurations>
    <Platform Name="x64" />
  </Configurations>
  <Project Path="THErendererLib/THErendererLib.vcxproj" Id="A1B2C3D4-1234-5678-9ABC-DEF012345678" />
  <Project Path="BenchmarkDemo/BenchmarkDemo.vcxproj" Id="B2C3D4E5-2345-6789-ABCD-EF0123456789">
    <Dependency Project="THErendererLib/THErendererLib.vcxproj" />
  </Project>
</Solution>
